
Microsoft Visual Studio Solution File, Format Version 12.00
# Visual Studio Version 16
VisualStudioVersion = 16.0.28803.916
MinimumVisualStudioVersion = 10.0.40219.1
Project("{FAE04EC0-301F-11D3-BF4B-00C04F79EFBC}") = "Pmatrizes", "Pmatrizes\Pmatrizes.csproj", "{605B0633-CCB9-4DA9-B858-E33DDB331AB6}"
EndProject
Global
	GlobalSection(SolutionConfigurationPlatforms) = preSolution
		Debug|Any CPU = Debug|Any CPU
		Release|Any CPU = Release|Any CPU
	EndGlobalSection
	GlobalSection(ProjectConfigurationPlatforms) = postSolution
		{605B0633-CCB9-4DA9-B858-E33DDB331AB6}.Debug|Any CPU.ActiveCfg = Debug|Any CPU
		{605B0633-CCB9-4DA9-B858-E33DDB331AB6}.Debug|Any CPU.Build.0 = Debug|Any CPU
		{605B0633-CCB9-4DA9-B858-E33DDB331AB6}.Release|Any CPU.ActiveCfg = Release|Any CPU
		{605B0633-CCB9-4DA9-B858-E33DDB331AB6}.Release|Any CPU.Build.0 = Release|Any CPU
	EndGlobalSection
	GlobalSection(SolutionProperties) = preSolution
		HideSolutionNode = FALSE
	EndGlobalSection
	GlobalSection(ExtensibilityGlobals) = postSolution
		SolutionGuid = {FA2FCB0C-09BE-45A0-90F9-B6BD622EDF42}
	EndGlobalSection
EndGlobal
